
Microsoft Visual Studio Solution File, Format Version 12.00
# Visual Studio Version 17
VisualStudioVersion = 17.3.32811.315
MinimumVisualStudioVersion = 10.0.40219.1
Project("{FAE04EC0-301F-11D3-BF4B-00C04F79EFBC}") = "H1-CopenhagenZoo", "H1-CopenhagenZoo\H1-CopenhagenZoo.csproj", "{F488F69C-F0C5-4303-818D-0CE242143E7B}"
EndProject
Global
	GlobalSection(SolutionConfigurationPlatforms) = preSolution
		Debug|Any CPU = Debug|Any CPU
		Release|Any CPU = Release|Any CPU
	EndGlobalSection
	GlobalSection(ProjectConfigurationPlatforms) = postSolution
		{F488F69C-F0C5-4303-818D-0CE242143E7B}.Debug|Any CPU.ActiveCfg = Debug|Any CPU
		{F488F69C-F0C5-4303-818D-0CE242143E7B}.Debug|Any CPU.Build.0 = Debug|Any CPU
		{F488F69C-F0C5-4303-818D-0CE242143E7B}.Release|Any CPU.ActiveCfg = Release|Any CPU
		{F488F69C-F0C5-4303-818D-0CE242143E7B}.Release|Any CPU.Build.0 = Release|Any CPU
	EndGlobalSection
	GlobalSection(SolutionProperties) = preSolution
		HideSolutionNode = FALSE
	EndGlobalSection
	GlobalSection(ExtensibilityGlobals) = postSolution
		SolutionGuid = {BDEC561E-B86F-4CE6-B348-58837131AF04}
	EndGlobalSection
EndGlobal
